
Microsoft Visual Studio Solution File, Format Version 12.00
# Visual Studio Version 17
VisualStudioVersion = 17.0.31606.5
MinimumVisualStudioVersion = 10.0.40219.1
Project("{FAE04EC0-301F-11D3-BF4B-00C04F79EFBC}") = "CIVisibility.Samples.Framework472.MsTest", "CIVisibility.Samples.Framework472.MsTest\CIVisibility.Samples.Framework472.MsTest.csproj", "{6DBAD628-4FC7-46A6-B04B-5F07DF803B04}"
EndProject
Global
	GlobalSection(SolutionConfigurationPlatforms) = preSolution
		Debug|Any CPU = Debug|Any CPU
		Release|Any CPU = Release|Any CPU
	EndGlobalSection
	GlobalSection(ProjectConfigurationPlatforms) = postSolution
		{6DBAD628-4FC7-46A6-B04B-5F07DF803B04}.Debug|Any CPU.ActiveCfg = Debug|Any CPU
		{6DBAD628-4FC7-46A6-B04B-5F07DF803B04}.Debug|Any CPU.Build.0 = Debug|Any CPU
		{6DBAD628-4FC7-46A6-B04B-5F07DF803B04}.Release|Any CPU.ActiveCfg = Release|Any CPU
		{6DBAD628-4FC7-46A6-B04B-5F07DF803B04}.Release|Any CPU.Build.0 = Release|Any CPU
	EndGlobalSection
	GlobalSection(SolutionProperties) = preSolution
		HideSolutionNode = FALSE
	EndGlobalSection
	GlobalSection(ExtensibilityGlobals) = postSolution
		SolutionGuid = {EFF26172-DF57-4E7E-94DD-D0E0823FEF49}
	EndGlobalSection
EndGlobal
